// !$*UTF8*$!
{
	archiveVersion = 1;
	classes = {
	};
	objectVersion = 46;
	objects = {

/* Begin PBXBuildFile section */
		2745B2EE1EFDC459006EC1DA /* AnalogJoystick.swift in Sources */ = {isa = PBXBuildFile; fileRef = 2745B2ED1EFDC459006EC1DA /* AnalogJoystick.swift */; };
		27562A581F05AC5D00915990 /* Launch Screen.storyboard in Resources */ = {isa = PBXBuildFile; fileRef = 27562A571F05AC5D00915990 /* Launch Screen.storyboard */; };
		276704781F16959100A85D8B /* LevelSelectCollectionViewController.swift in Sources */ = {isa = PBXBuildFile; fileRef = 276704771F16959100A85D8B /* LevelSelectCollectionViewController.swift */; };
		277661151F2157B90033D987 /* Comfortaa-Bold.ttf in Resources */ = {isa = PBXBuildFile; fileRef = 277661121F2157B80033D987 /* Comfortaa-Bold.ttf */; };
		277661161F2157B90033D987 /* Comfortaa-Light.ttf in Resources */ = {isa = PBXBuildFile; fileRef = 277661131F2157B80033D987 /* Comfortaa-Light.ttf */; };
		277661171F2157B90033D987 /* Comfortaa-Regular.ttf in Resources */ = {isa = PBXBuildFile; fileRef = 277661141F2157B90033D987 /* Comfortaa-Regular.ttf */; };
		27C8CCD81F01847300C8D806 /* constants.json in Resources */ = {isa = PBXBuildFile; fileRef = 27C8CCD71F01847300C8D806 /* constants.json */; };
		27FC7A201F16993C00F7CE89 /* BossEntity.swift in Sources */ = {isa = PBXBuildFile; fileRef = 27FC7A1A1F16993C00F7CE89 /* BossEntity.swift */; };
		27FC7A211F16993C00F7CE89 /* DoorEntity.swift in Sources */ = {isa = PBXBuildFile; fileRef = 27FC7A1B1F16993C00F7CE89 /* DoorEntity.swift */; };
		27FC7A221F16993C00F7CE89 /* DynamicEntity.swift in Sources */ = {isa = PBXBuildFile; fileRef = 27FC7A1C1F16993C00F7CE89 /* DynamicEntity.swift */; };
		27FC7A231F16993C00F7CE89 /* EnemyEntity.swift in Sources */ = {isa = PBXBuildFile; fileRef = 27FC7A1D1F16993C00F7CE89 /* EnemyEntity.swift */; };
		27FC7A241F16993C00F7CE89 /* PlayerEntity.swift in Sources */ = {isa = PBXBuildFile; fileRef = 27FC7A1E1F16993C00F7CE89 /* PlayerEntity.swift */; };
		27FC7A251F16993C00F7CE89 /* VendorEntity.swift in Sources */ = {isa = PBXBuildFile; fileRef = 27FC7A1F1F16993C00F7CE89 /* VendorEntity.swift */; };
		27FC7A2D1F16994A00F7CE89 /* ActionComponent.swift in Sources */ = {isa = PBXBuildFile; fileRef = 27FC7A271F16994A00F7CE89 /* ActionComponent.swift */; };
		27FC7A2E1F16994A00F7CE89 /* BossComponents.swift in Sources */ = {isa = PBXBuildFile; fileRef = 27FC7A281F16994A00F7CE89 /* BossComponents.swift */; };
		27FC7A2F1F16994A00F7CE89 /* EnemyComponents.swift in Sources */ = {isa = PBXBuildFile; fileRef = 27FC7A291F16994A00F7CE89 /* EnemyComponents.swift */; };
		27FC7A301F16994A00F7CE89 /* HealthBarComponent.swift in Sources */ = {isa = PBXBuildFile; fileRef = 27FC7A2A1F16994A00F7CE89 /* HealthBarComponent.swift */; };
		27FC7A311F16994A00F7CE89 /* PlayerComponents.swift in Sources */ = {isa = PBXBuildFile; fileRef = 27FC7A2B1F16994A00F7CE89 /* PlayerComponents.swift */; };
		27FC7A321F16994A00F7CE89 /* VisualComponent.swift in Sources */ = {isa = PBXBuildFile; fileRef = 27FC7A2C1F16994A00F7CE89 /* VisualComponent.swift */; };
		BA0B06081CA3759A003CE50D /* LevelSelectNode.swift in Sources */ = {isa = PBXBuildFile; fileRef = BA0B06071CA3759A003CE50D /* LevelSelectNode.swift */; };
		BA20C8CE1C889E0800EE234D /* AppDelegate.swift in Sources */ = {isa = PBXBuildFile; fileRef = BA20C8CD1C889E0800EE234D /* AppDelegate.swift */; };
		BA20C8D21C889E0800EE234D /* HomeScene.swift in Sources */ = {isa = PBXBuildFile; fileRef = BA20C8D11C889E0800EE234D /* HomeScene.swift */; };
		BA20C8D41C889E0800EE234D /* HomeViewController.swift in Sources */ = {isa = PBXBuildFile; fileRef = BA20C8D31C889E0800EE234D /* HomeViewController.swift */; };
		BA20C8D91C889E0800EE234D /* Assets.xcassets in Resources */ = {isa = PBXBuildFile; fileRef = BA20C8D81C889E0800EE234D /* Assets.xcassets */; };
		BA20C8E71C889E0900EE234D /* CubrismTests.swift in Sources */ = {isa = PBXBuildFile; fileRef = BA20C8E61C889E0900EE234D /* CubrismTests.swift */; };
		BA20C8F21C889E0900EE234D /* CubrismUITests.swift in Sources */ = {isa = PBXBuildFile; fileRef = BA20C8F11C889E0900EE234D /* CubrismUITests.swift */; };
		BA22A8FC1C8E15BB00D52174 /* FloorViewController.swift in Sources */ = {isa = PBXBuildFile; fileRef = BA22A8FB1C8E15BB00D52174 /* FloorViewController.swift */; };
		BA22A8FE1C8E161500D52174 /* RoomScene.swift in Sources */ = {isa = PBXBuildFile; fileRef = BA22A8FD1C8E161500D52174 /* RoomScene.swift */; };
		BA26D26C1C9925C800C1FFBB /* rooms.plist in Resources */ = {isa = PBXBuildFile; fileRef = BA26D26B1C9925C800C1FFBB /* rooms.plist */; };
		BA3CA69E1C97CA40004A9DA6 /* Nodes.swift in Sources */ = {isa = PBXBuildFile; fileRef = BA3CA69D1C97CA40004A9DA6 /* Nodes.swift */; };
		BA5AE4D51CA0F81F00BFF1E1 /* CompletedViewController.swift in Sources */ = {isa = PBXBuildFile; fileRef = BA5AE4D41CA0F81F00BFF1E1 /* CompletedViewController.swift */; };
		BA5C6EBA1CAEC31F00850B70 /* VendorPopUpNode.swift in Sources */ = {isa = PBXBuildFile; fileRef = BA5C6EB91CAEC31F00850B70 /* VendorPopUpNode.swift */; };
		BA696BD21CB41EDD00D7C6DE /* Enemies.plist in Resources */ = {isa = PBXBuildFile; fileRef = BA696BD11CB41EDD00D7C6DE /* Enemies.plist */; };
		BA71AF9A1C9A7B02004E2847 /* PopUpNode.swift in Sources */ = {isa = PBXBuildFile; fileRef = BA71AF991C9A7B02004E2847 /* PopUpNode.swift */; };
		BAA4351F1CA6011800AF3595 /* Equipment.swift in Sources */ = {isa = PBXBuildFile; fileRef = BAA4351E1CA6011800AF3595 /* Equipment.swift */; };
		BAACCDF41CD55CCF001FEB25 /* Item.swift in Sources */ = {isa = PBXBuildFile; fileRef = BAACCDF31CD55CCF001FEB25 /* Item.swift */; };
		BAACCDF61CD5776F001FEB25 /* items.plist in Resources */ = {isa = PBXBuildFile; fileRef = BAACCDF51CD5776F001FEB25 /* items.plist */; };
		BAC28FE61CA65AD5003E07ED /* LevelCell.swift in Sources */ = {isa = PBXBuildFile; fileRef = BAC28FE51CA65AD5003E07ED /* LevelCell.swift */; };
		BAD1AF521CA8E66A00AD0290 /* levels.plist in Resources */ = {isa = PBXBuildFile; fileRef = BAD1AF511CA8E66A00AD0290 /* levels.plist */; };
		BAD560521C9A5F99000BBB38 /* bosses.plist in Resources */ = {isa = PBXBuildFile; fileRef = BAD560511C9A5F99000BBB38 /* bosses.plist */; };
		BAD62F801C95F26800B9A5AD /* Constants.swift in Sources */ = {isa = PBXBuildFile; fileRef = BAD62F7F1C95F26800B9A5AD /* Constants.swift */; };
		BAD884521C94BB620018BDDE /* GameScene.swift in Sources */ = {isa = PBXBuildFile; fileRef = BAD884511C94BB620018BDDE /* GameScene.swift */; };
		BAD884541C94D7F30018BDDE /* ProgressBar.swift in Sources */ = {isa = PBXBuildFile; fileRef = BAD884531C94D7F30018BDDE /* ProgressBar.swift */; };
		BADF2B861C97AE6100D573AC /* Player.swift in Sources */ = {isa = PBXBuildFile; fileRef = BADF2B851C97AE6100D573AC /* Player.swift */; };
		BADF41A31CA8A5ED00EF9C15 /* border 3.jpg in Resources */ = {isa = PBXBuildFile; fileRef = BADF41A21CA8A5ED00EF9C15 /* border 3.jpg */; };
/* End PBXBuildFile section */

/* Begin PBXContainerItemProxy section */
		BA20C8E31C889E0900EE234D /* PBXContainerItemProxy */ = {
			isa = PBXContainerItemProxy;
			containerPortal = BA20C8C21C889E0700EE234D /* Project object */;
			proxyType = 1;
			remoteGlobalIDString = BA20C8C91C889E0800EE234D;
			remoteInfo = Cubrism;
		};
		BA20C8EE1C889E0900EE234D /* PBXContainerItemProxy */ = {
			isa = PBXContainerItemProxy;
			containerPortal = BA20C8C21C889E0700EE234D /* Project object */;
			proxyType = 1;
			remoteGlobalIDString = BA20C8C91C889E0800EE234D;
			remoteInfo = Cubrism;
		};
/* End PBXContainerItemProxy section */

/* Begin PBXFileReference section */
		2745B2ED1EFDC459006EC1DA /* AnalogJoystick.swift */ = {isa = PBXFileReference; fileEncoding = 4; lastKnownFileType = sourcecode.swift; path = AnalogJoystick.swift; sourceTree = "<group>"; };
		27562A571F05AC5D00915990 /* Launch Screen.storyboard */ = {isa = PBXFileReference; fileEncoding = 4; lastKnownFileType = file.storyboard; path = "Launch Screen.storyboard"; sourceTree = "<group>"; };
		276704771F16959100A85D8B /* LevelSelectCollectionViewController.swift */ = {isa = PBXFileReference; fileEncoding = 4; lastKnownFileType = sourcecode.swift; path = LevelSelectCollectionViewController.swift; sourceTree = "<group>"; };
		277661121F2157B80033D987 /* Comfortaa-Bold.ttf */ = {isa = PBXFileReference; lastKnownFileType = file; name = "Comfortaa-Bold.ttf"; path = "Comfortaa/Comfortaa-Bold.ttf"; sourceTree = "<group>"; };
		277661131F2157B80033D987 /* Comfortaa-Light.ttf */ = {isa = PBXFileReference; lastKnownFileType = file; name = "Comfortaa-Light.ttf"; path = "Comfortaa/Comfortaa-Light.ttf"; sourceTree = "<group>"; };
		277661141F2157B90033D987 /* Comfortaa-Regular.ttf */ = {isa = PBXFileReference; lastKnownFileType = file; name = "Comfortaa-Regular.ttf"; path = "Comfortaa/Comfortaa-Regular.ttf"; sourceTree = "<group>"; };
		27C8CCD71F01847300C8D806 /* constants.json */ = {isa = PBXFileReference; fileEncoding = 4; lastKnownFileType = text.json; path = constants.json; sourceTree = "<group>"; };
		27FC7A1A1F16993C00F7CE89 /* BossEntity.swift */ = {isa = PBXFileReference; fileEncoding = 4; lastKnownFileType = sourcecode.swift; name = BossEntity.swift; path = Entities/BossEntity.swift; sourceTree = "<group>"; };
		27FC7A1B1F16993C00F7CE89 /* DoorEntity.swift */ = {isa = PBXFileReference; fileEncoding = 4; lastKnownFileType = sourcecode.swift; name = DoorEntity.swift; path = Entities/DoorEntity.swift; sourceTree = "<group>"; };
		27FC7A1C1F16993C00F7CE89 /* DynamicEntity.swift */ = {isa = PBXFileReference; fileEncoding = 4; lastKnownFileType = sourcecode.swift; name = DynamicEntity.swift; path = Entities/DynamicEntity.swift; sourceTree = "<group>"; };
		27FC7A1D1F16993C00F7CE89 /* EnemyEntity.swift */ = {isa = PBXFileReference; fileEncoding = 4; lastKnownFileType = sourcecode.swift; name = EnemyEntity.swift; path = Entities/EnemyEntity.swift; sourceTree = "<group>"; };
		27FC7A1E1F16993C00F7CE89 /* PlayerEntity.swift */ = {isa = PBXFileReference; fileEncoding = 4; lastKnownFileType = sourcecode.swift; name = PlayerEntity.swift; path = Entities/PlayerEntity.swift; sourceTree = "<group>"; };
		27FC7A1F1F16993C00F7CE89 /* VendorEntity.swift */ = {isa = PBXFileReference; fileEncoding = 4; lastKnownFileType = sourcecode.swift; name = VendorEntity.swift; path = Entities/VendorEntity.swift; sourceTree = "<group>"; };
		27FC7A271F16994A00F7CE89 /* ActionComponent.swift */ = {isa = PBXFileReference; fileEncoding = 4; lastKnownFileType = sourcecode.swift; name = ActionComponent.swift; path = Components/ActionComponent.swift; sourceTree = "<group>"; };
		27FC7A281F16994A00F7CE89 /* BossComponents.swift */ = {isa = PBXFileReference; fileEncoding = 4; lastKnownFileType = sourcecode.swift; name = BossComponents.swift; path = Components/BossComponents.swift; sourceTree = "<group>"; };
		27FC7A291F16994A00F7CE89 /* EnemyComponents.swift */ = {isa = PBXFileReference; fileEncoding = 4; lastKnownFileType = sourcecode.swift; name = EnemyComponents.swift; path = Components/EnemyComponents.swift; sourceTree = "<group>"; };
		27FC7A2A1F16994A00F7CE89 /* HealthBarComponent.swift */ = {isa = PBXFileReference; fileEncoding = 4; lastKnownFileType = sourcecode.swift; name = HealthBarComponent.swift; path = Components/HealthBarComponent.swift; sourceTree = "<group>"; };
		27FC7A2B1F16994A00F7CE89 /* PlayerComponents.swift */ = {isa = PBXFileReference; fileEncoding = 4; lastKnownFileType = sourcecode.swift; name = PlayerComponents.swift; path = Components/PlayerComponents.swift; sourceTree = "<group>"; };
		27FC7A2C1F16994A00F7CE89 /* VisualComponent.swift */ = {isa = PBXFileReference; fileEncoding = 4; lastKnownFileType = sourcecode.swift; name = VisualComponent.swift; path = Components/VisualComponent.swift; sourceTree = "<group>"; };
		BA0B06071CA3759A003CE50D /* LevelSelectNode.swift */ = {isa = PBXFileReference; fileEncoding = 4; lastKnownFileType = sourcecode.swift; path = LevelSelectNode.swift; sourceTree = "<group>"; };
		BA20C8CA1C889E0800EE234D /* Cubrism.app */ = {isa = PBXFileReference; explicitFileType = wrapper.application; includeInIndex = 0; path = Cubrism.app; sourceTree = BUILT_PRODUCTS_DIR; };
		BA20C8CD1C889E0800EE234D /* AppDelegate.swift */ = {isa = PBXFileReference; lastKnownFileType = sourcecode.swift; path = AppDelegate.swift; sourceTree = "<group>"; };
		BA20C8D11C889E0800EE234D /* HomeScene.swift */ = {isa = PBXFileReference; lastKnownFileType = sourcecode.swift; path = HomeScene.swift; sourceTree = "<group>"; };
		BA20C8D31C889E0800EE234D /* HomeViewController.swift */ = {isa = PBXFileReference; lastKnownFileType = sourcecode.swift; path = HomeViewController.swift; sourceTree = "<group>"; };
		BA20C8D81C889E0800EE234D /* Assets.xcassets */ = {isa = PBXFileReference; lastKnownFileType = folder.assetcatalog; path = Assets.xcassets; sourceTree = "<group>"; };
		BA20C8DD1C889E0800EE234D /* Info.plist */ = {isa = PBXFileReference; lastKnownFileType = text.plist.xml; path = Info.plist; sourceTree = "<group>"; };
		BA20C8E21C889E0900EE234D /* CubrismTests.xctest */ = {isa = PBXFileReference; explicitFileType = wrapper.cfbundle; includeInIndex = 0; path = CubrismTests.xctest; sourceTree = BUILT_PRODUCTS_DIR; };
		BA20C8E61C889E0900EE234D /* CubrismTests.swift */ = {isa = PBXFileReference; lastKnownFileType = sourcecode.swift; path = CubrismTests.swift; sourceTree = "<group>"; };
		BA20C8E81C889E0900EE234D /* Info.plist */ = {isa = PBXFileReference; lastKnownFileType = text.plist.xml; path = Info.plist; sourceTree = "<group>"; };
		BA20C8ED1C889E0900EE234D /* CubrismUITests.xctest */ = {isa = PBXFileReference; explicitFileType = wrapper.cfbundle; includeInIndex = 0; path = CubrismUITests.xctest; sourceTree = BUILT_PRODUCTS_DIR; };
		BA20C8F11C889E0900EE234D /* CubrismUITests.swift */ = {isa = PBXFileReference; lastKnownFileType = sourcecode.swift; path = CubrismUITests.swift; sourceTree = "<group>"; };
		BA20C8F31C889E0900EE234D /* Info.plist */ = {isa = PBXFileReference; lastKnownFileType = text.plist.xml; path = Info.plist; sourceTree = "<group>"; };
		BA22A8FB1C8E15BB00D52174 /* FloorViewController.swift */ = {isa = PBXFileReference; fileEncoding = 4; lastKnownFileType = sourcecode.swift; path = FloorViewController.swift; sourceTree = "<group>"; };
		BA22A8FD1C8E161500D52174 /* RoomScene.swift */ = {isa = PBXFileReference; fileEncoding = 4; lastKnownFileType = sourcecode.swift; path = RoomScene.swift; sourceTree = "<group>"; };
		BA26D26B1C9925C800C1FFBB /* rooms.plist */ = {isa = PBXFileReference; fileEncoding = 4; lastKnownFileType = text.plist.xml; path = rooms.plist; sourceTree = "<group>"; };
		BA3CA69D1C97CA40004A9DA6 /* Nodes.swift */ = {isa = PBXFileReference; fileEncoding = 4; lastKnownFileType = sourcecode.swift; path = Nodes.swift; sourceTree = "<group>"; };
		BA5AE4D41CA0F81F00BFF1E1 /* CompletedViewController.swift */ = {isa = PBXFileReference; fileEncoding = 4; lastKnownFileType = sourcecode.swift; path = CompletedViewController.swift; sourceTree = "<group>"; };
		BA5C6EB91CAEC31F00850B70 /* VendorPopUpNode.swift */ = {isa = PBXFileReference; fileEncoding = 4; lastKnownFileType = sourcecode.swift; path = VendorPopUpNode.swift; sourceTree = "<group>"; };
		BA696BD11CB41EDD00D7C6DE /* Enemies.plist */ = {isa = PBXFileReference; fileEncoding = 4; lastKnownFileType = text.plist.xml; path = Enemies.plist; sourceTree = "<group>"; };
		BA71AF991C9A7B02004E2847 /* PopUpNode.swift */ = {isa = PBXFileReference; fileEncoding = 4; lastKnownFileType = sourcecode.swift; path = PopUpNode.swift; sourceTree = "<group>"; };
		BAA4351E1CA6011800AF3595 /* Equipment.swift */ = {isa = PBXFileReference; fileEncoding = 4; lastKnownFileType = sourcecode.swift; path = Equipment.swift; sourceTree = "<group>"; };
		BAACCDF31CD55CCF001FEB25 /* Item.swift */ = {isa = PBXFileReference; fileEncoding = 4; lastKnownFileType = sourcecode.swift; path = Item.swift; sourceTree = "<group>"; };
		BAACCDF51CD5776F001FEB25 /* items.plist */ = {isa = PBXFileReference; fileEncoding = 4; lastKnownFileType = text.plist.xml; path = items.plist; sourceTree = "<group>"; };
		BAC28FE51CA65AD5003E07ED /* LevelCell.swift */ = {isa = PBXFileReference; fileEncoding = 4; lastKnownFileType = sourcecode.swift; path = LevelCell.swift; sourceTree = "<group>"; };
		BAD1AF511CA8E66A00AD0290 /* levels.plist */ = {isa = PBXFileReference; fileEncoding = 4; lastKnownFileType = text.plist.xml; path = levels.plist; sourceTree = "<group>"; };
		BAD560511C9A5F99000BBB38 /* bosses.plist */ = {isa = PBXFileReference; fileEncoding = 4; lastKnownFileType = text.plist.xml; path = bosses.plist; sourceTree = "<group>"; };
		BAD62F7F1C95F26800B9A5AD /* Constants.swift */ = {isa = PBXFileReference; fileEncoding = 4; lastKnownFileType = sourcecode.swift; path = Constants.swift; sourceTree = "<group>"; };
		BAD884511C94BB620018BDDE /* GameScene.swift */ = {isa = PBXFileReference; fileEncoding = 4; lastKnownFileType = sourcecode.swift; path = GameScene.swift; sourceTree = "<group>"; };
		BAD884531C94D7F30018BDDE /* ProgressBar.swift */ = {isa = PBXFileReference; fileEncoding = 4; lastKnownFileType = sourcecode.swift; path = ProgressBar.swift; sourceTree = "<group>"; };
		BADF2B851C97AE6100D573AC /* Player.swift */ = {isa = PBXFileReference; fileEncoding = 4; lastKnownFileType = sourcecode.swift; path = Player.swift; sourceTree = "<group>"; };
		BADF41A21CA8A5ED00EF9C15 /* border 3.jpg */ = {isa = PBXFileReference; lastKnownFileType = image.jpeg; path = "border 3.jpg"; sourceTree = "<group>"; };
/* End PBXFileReference section */

/* Begin PBXFrameworksBuildPhase section */
		BA20C8C71C889E0800EE234D /* Frameworks */ = {
			isa = PBXFrameworksBuildPhase;
			buildActionMask = 2147483647;
			files = (
			);
			runOnlyForDeploymentPostprocessing = 0;
		};
		BA20C8DF1C889E0900EE234D /* Frameworks */ = {
			isa = PBXFrameworksBuildPhase;
			buildActionMask = 2147483647;
			files = (
			);
			runOnlyForDeploymentPostprocessing = 0;
		};
		BA20C8EA1C889E0900EE234D /* Frameworks */ = {
			isa = PBXFrameworksBuildPhase;
			buildActionMask = 2147483647;
			files = (
			);
			runOnlyForDeploymentPostprocessing = 0;
		};
/* End PBXFrameworksBuildPhase section */

/* Begin PBXGroup section */
		27FC7A191F16991F00F7CE89 /* Entities */ = {
			isa = PBXGroup;
			children = (
				27FC7A1A1F16993C00F7CE89 /* BossEntity.swift */,
				27FC7A1B1F16993C00F7CE89 /* DoorEntity.swift */,
				27FC7A1C1F16993C00F7CE89 /* DynamicEntity.swift */,
				27FC7A1D1F16993C00F7CE89 /* EnemyEntity.swift */,
				27FC7A1E1F16993C00F7CE89 /* PlayerEntity.swift */,
				27FC7A1F1F16993C00F7CE89 /* VendorEntity.swift */,
			);
			name = Entities;
			sourceTree = "<group>";
		};
		27FC7A261F16994200F7CE89 /* Components */ = {
			isa = PBXGroup;
			children = (
				27FC7A271F16994A00F7CE89 /* ActionComponent.swift */,
				27FC7A281F16994A00F7CE89 /* BossComponents.swift */,
				27FC7A291F16994A00F7CE89 /* EnemyComponents.swift */,
				27FC7A2A1F16994A00F7CE89 /* HealthBarComponent.swift */,
				27FC7A2B1F16994A00F7CE89 /* PlayerComponents.swift */,
				27FC7A2C1F16994A00F7CE89 /* VisualComponent.swift */,
			);
			name = Components;
			sourceTree = "<group>";
		};
		27FC7A331F16999800F7CE89 /* Scenes */ = {
			isa = PBXGroup;
			children = (
				BA20C8D11C889E0800EE234D /* HomeScene.swift */,
				BA22A8FD1C8E161500D52174 /* RoomScene.swift */,
				BAD884511C94BB620018BDDE /* GameScene.swift */,
			);
			name = Scenes;
			sourceTree = "<group>";
		};
		27FC7A341F1699A200F7CE89 /* ViewControllers */ = {
			isa = PBXGroup;
			children = (
				BA20C8D31C889E0800EE234D /* HomeViewController.swift */,
				276704771F16959100A85D8B /* LevelSelectCollectionViewController.swift */,
				BA22A8FB1C8E15BB00D52174 /* FloorViewController.swift */,
				BA5AE4D41CA0F81F00BFF1E1 /* CompletedViewController.swift */,
			);
			name = ViewControllers;
			sourceTree = "<group>";
		};
		27FC7A351F1699B300F7CE89 /* Plists */ = {
			isa = PBXGroup;
			children = (
				BAACCDF51CD5776F001FEB25 /* items.plist */,
				BA20C8DD1C889E0800EE234D /* Info.plist */,
				BA696BD11CB41EDD00D7C6DE /* Enemies.plist */,
				BAD560511C9A5F99000BBB38 /* bosses.plist */,
				BA26D26B1C9925C800C1FFBB /* rooms.plist */,
				BAD1AF511CA8E66A00AD0290 /* levels.plist */,
				277661121F2157B80033D987 /* Comfortaa-Bold.ttf */,
				277661131F2157B80033D987 /* Comfortaa-Light.ttf */,
				277661141F2157B90033D987 /* Comfortaa-Regular.ttf */,
			);
			name = Plists;
			sourceTree = "<group>";
		};
		BA20C8C11C889E0700EE234D = {
			isa = PBXGroup;
			children = (
				BA20C8CC1C889E0800EE234D /* Cubrism */,
				BA20C8E51C889E0900EE234D /* CubrismTests */,
				BA20C8F01C889E0900EE234D /* CubrismUITests */,
				BA20C8CB1C889E0800EE234D /* Products */,
			);
			sourceTree = "<group>";
		};
		BA20C8CB1C889E0800EE234D /* Products */ = {
			isa = PBXGroup;
			children = (
				BA20C8CA1C889E0800EE234D /* Cubrism.app */,
				BA20C8E21C889E0900EE234D /* CubrismTests.xctest */,
				BA20C8ED1C889E0900EE234D /* CubrismUITests.xctest */,
			);
			name = Products;
			sourceTree = "<group>";
		};
		BA20C8CC1C889E0800EE234D /* Cubrism */ = {
			isa = PBXGroup;
			children = (
				27562A571F05AC5D00915990 /* Launch Screen.storyboard */,
				BA20C8CD1C889E0800EE234D /* AppDelegate.swift */,
				BAD62F7F1C95F26800B9A5AD /* Constants.swift */,
				27FC7A341F1699A200F7CE89 /* ViewControllers */,
				27FC7A331F16999800F7CE89 /* Scenes */,
				27FC7A261F16994200F7CE89 /* Components */,
				27FC7A191F16991F00F7CE89 /* Entities */,
				27FC7A351F1699B300F7CE89 /* Plists */,
				BAD8DE8B1C9DCBA50041EA3C /* Objects */,
				BA20C8D81C889E0800EE234D /* Assets.xcassets */,
				27C8CCD71F01847300C8D806 /* constants.json */,
			);
			path = Cubrism;
			sourceTree = "<group>";
		};
		BA20C8E51C889E0900EE234D /* CubrismTests */ = {
			isa = PBXGroup;
			children = (
				BA20C8E61C889E0900EE234D /* CubrismTests.swift */,
				BA20C8E81C889E0900EE234D /* Info.plist */,
			);
			path = CubrismTests;
			sourceTree = "<group>";
		};
		BA20C8F01C889E0900EE234D /* CubrismUITests */ = {
			isa = PBXGroup;
			children = (
				BA20C8F11C889E0900EE234D /* CubrismUITests.swift */,
				BA20C8F31C889E0900EE234D /* Info.plist */,
			);
			path = CubrismUITests;
			sourceTree = "<group>";
		};
		BAD8DE8B1C9DCBA50041EA3C /* Objects */ = {
			isa = PBXGroup;
			children = (
				BAC28FE51CA65AD5003E07ED /* LevelCell.swift */,
				BA71AF991C9A7B02004E2847 /* PopUpNode.swift */,
				2745B2ED1EFDC459006EC1DA /* AnalogJoystick.swift */,
				BA0B06071CA3759A003CE50D /* LevelSelectNode.swift */,
				BA5C6EB91CAEC31F00850B70 /* VendorPopUpNode.swift */,
				BAD884531C94D7F30018BDDE /* ProgressBar.swift */,
				BADF41A21CA8A5ED00EF9C15 /* border 3.jpg */,
				BA3CA69D1C97CA40004A9DA6 /* Nodes.swift */,
				BADF2B851C97AE6100D573AC /* Player.swift */,
				BAA4351E1CA6011800AF3595 /* Equipment.swift */,
				BAACCDF31CD55CCF001FEB25 /* Item.swift */,
			);
			name = Objects;
			sourceTree = "<group>";
		};
/* End PBXGroup section */

/* Begin PBXNativeTarget section */
		BA20C8C91C889E0800EE234D /* Cubrism */ = {
			isa = PBXNativeTarget;
			buildConfigurationList = BA20C8F61C889E0900EE234D /* Build configuration list for PBXNativeTarget "Cubrism" */;
			buildPhases = (
				BA20C8C61C889E0800EE234D /* Sources */,
				BA20C8C71C889E0800EE234D /* Frameworks */,
				BA20C8C81C889E0800EE234D /* Resources */,
			);
			buildRules = (
			);
			dependencies = (
			);
			name = Cubrism;
			productName = Cubrism;
			productReference = BA20C8CA1C889E0800EE234D /* Cubrism.app */;
			productType = "com.apple.product-type.application";
		};
		BA20C8E11C889E0900EE234D /* CubrismTests */ = {
			isa = PBXNativeTarget;
			buildConfigurationList = BA20C8F91C889E0900EE234D /* Build configuration list for PBXNativeTarget "CubrismTests" */;
			buildPhases = (
				BA20C8DE1C889E0900EE234D /* Sources */,
				BA20C8DF1C889E0900EE234D /* Frameworks */,
				BA20C8E01C889E0900EE234D /* Resources */,
			);
			buildRules = (
			);
			dependencies = (
				BA20C8E41C889E0900EE234D /* PBXTargetDependency */,
			);
			name = CubrismTests;
			productName = CubrismTests;
			productReference = BA20C8E21C889E0900EE234D /* CubrismTests.xctest */;
			productType = "com.apple.product-type.bundle.unit-test";
		};
		BA20C8EC1C889E0900EE234D /* CubrismUITests */ = {
			isa = PBXNativeTarget;
			buildConfigurationList = BA20C8FC1C889E0900EE234D /* Build configuration list for PBXNativeTarget "CubrismUITests" */;
			buildPhases = (
				BA20C8E91C889E0900EE234D /* Sources */,
				BA20C8EA1C889E0900EE234D /* Frameworks */,
				BA20C8EB1C889E0900EE234D /* Resources */,
			);
			buildRules = (
			);
			dependencies = (
				BA20C8EF1C889E0900EE234D /* PBXTargetDependency */,
			);
			name = CubrismUITests;
			productName = CubrismUITests;
			productReference = BA20C8ED1C889E0900EE234D /* CubrismUITests.xctest */;
			productType = "com.apple.product-type.bundle.ui-testing";
		};
/* End PBXNativeTarget section */

/* Begin PBXProject section */
		BA20C8C21C889E0700EE234D /* Project object */ = {
			isa = PBXProject;
			attributes = {
				LastUpgradeCheck = 0830;
				ORGANIZATIONNAME = Brendan;
				TargetAttributes = {
					BA20C8C91C889E0800EE234D = {
						CreatedOnToolsVersion = 7.0;
						DevelopmentTeam = 9B6HY96UG5;
						LastSwiftMigration = 0830;
					};
					BA20C8E11C889E0900EE234D = {
						CreatedOnToolsVersion = 7.0;
						LastSwiftMigration = 0830;
						TestTargetID = BA20C8C91C889E0800EE234D;
					};
					BA20C8EC1C889E0900EE234D = {
						CreatedOnToolsVersion = 7.0;
						LastSwiftMigration = 0830;
						TestTargetID = BA20C8C91C889E0800EE234D;
					};
				};
			};
			buildConfigurationList = BA20C8C51C889E0700EE234D /* Build configuration list for PBXProject "Cubrism" */;
			compatibilityVersion = "Xcode 3.2";
			developmentRegion = English;
			hasScannedForEncodings = 0;
			knownRegions = (
				en,
				Base,
			);
			mainGroup = BA20C8C11C889E0700EE234D;
			productRefGroup = BA20C8CB1C889E0800EE234D /* Products */;
			projectDirPath = "";
			projectRoot = "";
			targets = (
				BA20C8C91C889E0800EE234D /* Cubrism */,
				BA20C8E11C889E0900EE234D /* CubrismTests */,
				BA20C8EC1C889E0900EE234D /* CubrismUITests */,
			);
		};
/* End PBXProject section */

/* Begin PBXResourcesBuildPhase section */
		BA20C8C81C889E0800EE234D /* Resources */ = {
			isa = PBXResourcesBuildPhase;
			buildActionMask = 2147483647;
			files = (
				BA20C8D91C889E0800EE234D /* Assets.xcassets in Resources */,
				BAACCDF61CD5776F001FEB25 /* items.plist in Resources */,
				277661151F2157B90033D987 /* Comfortaa-Bold.ttf in Resources */,
				BAD560521C9A5F99000BBB38 /* bosses.plist in Resources */,
				277661171F2157B90033D987 /* Comfortaa-Regular.ttf in Resources */,
				27562A581F05AC5D00915990 /* Launch Screen.storyboard in Resources */,
				27C8CCD81F01847300C8D806 /* constants.json in Resources */,
				BADF41A31CA8A5ED00EF9C15 /* border 3.jpg in Resources */,
				BA26D26C1C9925C800C1FFBB /* rooms.plist in Resources */,
				BAD1AF521CA8E66A00AD0290 /* levels.plist in Resources */,
				BA696BD21CB41EDD00D7C6DE /* Enemies.plist in Resources */,
				277661161F2157B90033D987 /* Comfortaa-Light.ttf in Resources */,
			);
			runOnlyForDeploymentPostprocessing = 0;
		};
		BA20C8E01C889E0900EE234D /* Resources */ = {
			isa = PBXResourcesBuildPhase;
			buildActionMask = 2147483647;
			files = (
			);
			runOnlyForDeploymentPostprocessing = 0;
		};
		BA20C8EB1C889E0900EE234D /* Resources */ = {
			isa = PBXResourcesBuildPhase;
			buildActionMask = 2147483647;
			files = (
			);
			runOnlyForDeploymentPostprocessing = 0;
		};
/* End PBXResourcesBuildPhase section */

/* Begin PBXSourcesBuildPhase section */
		BA20C8C61C889E0800EE234D /* Sources */ = {
			isa = PBXSourcesBuildPhase;
			buildActionMask = 2147483647;
			files = (
				BADF2B861C97AE6100D573AC /* Player.swift in Sources */,
				BAC28FE61CA65AD5003E07ED /* LevelCell.swift in Sources */,
				27FC7A311F16994A00F7CE89 /* PlayerComponents.swift in Sources */,
				BAACCDF41CD55CCF001FEB25 /* Item.swift in Sources */,
				27FC7A2E1F16994A00F7CE89 /* BossComponents.swift in Sources */,
				27FC7A301F16994A00F7CE89 /* HealthBarComponent.swift in Sources */,
				27FC7A251F16993C00F7CE89 /* VendorEntity.swift in Sources */,
				BA0B06081CA3759A003CE50D /* LevelSelectNode.swift in Sources */,
				BAA4351F1CA6011800AF3595 /* Equipment.swift in Sources */,
				BA22A8FE1C8E161500D52174 /* RoomScene.swift in Sources */,
				BAD62F801C95F26800B9A5AD /* Constants.swift in Sources */,
				2745B2EE1EFDC459006EC1DA /* AnalogJoystick.swift in Sources */,
				27FC7A2D1F16994A00F7CE89 /* ActionComponent.swift in Sources */,
				BA20C8D21C889E0800EE234D /* HomeScene.swift in Sources */,
				276704781F16959100A85D8B /* LevelSelectCollectionViewController.swift in Sources */,
				27FC7A321F16994A00F7CE89 /* VisualComponent.swift in Sources */,
				BA5AE4D51CA0F81F00BFF1E1 /* CompletedViewController.swift in Sources */,
				27FC7A201F16993C00F7CE89 /* BossEntity.swift in Sources */,
				BAD884521C94BB620018BDDE /* GameScene.swift in Sources */,
				27FC7A2F1F16994A00F7CE89 /* EnemyComponents.swift in Sources */,
				27FC7A231F16993C00F7CE89 /* EnemyEntity.swift in Sources */,
				27FC7A211F16993C00F7CE89 /* DoorEntity.swift in Sources */,
				27FC7A241F16993C00F7CE89 /* PlayerEntity.swift in Sources */,
				BA5C6EBA1CAEC31F00850B70 /* VendorPopUpNode.swift in Sources */,
				BA3CA69E1C97CA40004A9DA6 /* Nodes.swift in Sources */,
				27FC7A221F16993C00F7CE89 /* DynamicEntity.swift in Sources */,
				BA71AF9A1C9A7B02004E2847 /* PopUpNode.swift in Sources */,
				BA22A8FC1C8E15BB00D52174 /* FloorViewController.swift in Sources */,
				BAD884541C94D7F30018BDDE /* ProgressBar.swift in Sources */,
				BA20C8D41C889E0800EE234D /* HomeViewController.swift in Sources */,
				BA20C8CE1C889E0800EE234D /* AppDelegate.swift in Sources */,
			);
			runOnlyForDeploymentPostprocessing = 0;
		};
		BA20C8DE1C889E0900EE234D /* Sources */ = {
			isa = PBXSourcesBuildPhase;
			buildActionMask = 2147483647;
			files = (
				BA20C8E71C889E0900EE234D /* CubrismTests.swift in Sources */,
			);
			runOnlyForDeploymentPostprocessing = 0;
		};
		BA20C8E91C889E0900EE234D /* Sources */ = {
			isa = PBXSourcesBuildPhase;
			buildActionMask = 2147483647;
			files = (
				BA20C8F21C889E0900EE234D /* CubrismUITests.swift in Sources */,
			);
			runOnlyForDeploymentPostprocessing = 0;
		};
/* End PBXSourcesBuildPhase section */

/* Begin PBXTargetDependency section */
		BA20C8E41C889E0900EE234D /* PBXTargetDependency */ = {
			isa = PBXTargetDependency;
			target = BA20C8C91C889E0800EE234D /* Cubrism */;
			targetProxy = BA20C8E31C889E0900EE234D /* PBXContainerItemProxy */;
		};
		BA20C8EF1C889E0900EE234D /* PBXTargetDependency */ = {
			isa = PBXTargetDependency;
			target = BA20C8C91C889E0800EE234D /* Cubrism */;
			targetProxy = BA20C8EE1C889E0900EE234D /* PBXContainerItemProxy */;
		};
/* End PBXTargetDependency section */

/* Begin XCBuildConfiguration section */
		BA20C8F41C889E0900EE234D /* Debug */ = {
			isa = XCBuildConfiguration;
			buildSettings = {
				ALWAYS_SEARCH_USER_PATHS = NO;
				CLANG_CXX_LANGUAGE_STANDARD = "gnu++0x";
				CLANG_CXX_LIBRARY = "libc++";
				CLANG_ENABLE_MODULES = YES;
				CLANG_ENABLE_OBJC_ARC = YES;
				CLANG_WARN_BOOL_CONVERSION = YES;
				CLANG_WARN_CONSTANT_CONVERSION = YES;
				CLANG_WARN_DIRECT_OBJC_ISA_USAGE = YES_ERROR;
				CLANG_WARN_EMPTY_BODY = YES;
				CLANG_WARN_ENUM_CONVERSION = YES;
				CLANG_WARN_INFINITE_RECURSION = YES;
				CLANG_WARN_INT_CONVERSION = YES;
				CLANG_WARN_OBJC_ROOT_CLASS = YES_ERROR;
				CLANG_WARN_SUSPICIOUS_MOVE = YES;
				CLANG_WARN_UNREACHABLE_CODE = YES;
				CLANG_WARN__DUPLICATE_METHOD_MATCH = YES;
				"CODE_SIGN_IDENTITY[sdk=iphoneos*]" = "iPhone Developer";
				COPY_PHASE_STRIP = NO;
				DEBUG_INFORMATION_FORMAT = "dwarf-with-dsym";
				ENABLE_STRICT_OBJC_MSGSEND = YES;
				ENABLE_TESTABILITY = YES;
				GCC_C_LANGUAGE_STANDARD = gnu99;
				GCC_DYNAMIC_NO_PIC = NO;
				GCC_NO_COMMON_BLOCKS = YES;
				GCC_OPTIMIZATION_LEVEL = 0;
				GCC_PREPROCESSOR_DEFINITIONS = (
					"DEBUG=1",
					"$(inherited)",
				);
				GCC_WARN_64_TO_32_BIT_CONVERSION = YES;
				GCC_WARN_ABOUT_RETURN_TYPE = YES_ERROR;
				GCC_WARN_UNDECLARED_SELECTOR = YES;
				GCC_WARN_UNINITIALIZED_AUTOS = YES_AGGRESSIVE;
				GCC_WARN_UNUSED_FUNCTION = YES;
				GCC_WARN_UNUSED_VARIABLE = YES;
				IPHONEOS_DEPLOYMENT_TARGET = 10;
				MTL_ENABLE_DEBUG_INFO = YES;
				ONLY_ACTIVE_ARCH = YES;
				SDKROOT = iphoneos;
				SWIFT_OPTIMIZATION_LEVEL = "-Onone";
			};
			name = Debug;
		};
		BA20C8F51C889E0900EE234D /* Release */ = {
			isa = XCBuildConfiguration;
			buildSettings = {
				ALWAYS_SEARCH_USER_PATHS = NO;
				CLANG_CXX_LANGUAGE_STANDARD = "gnu++0x";
				CLANG_CXX_LIBRARY = "libc++";
				CLANG_ENABLE_MODULES = YES;
				CLANG_ENABLE_OBJC_ARC = YES;
				CLANG_WARN_BOOL_CONVERSION = YES;
				CLANG_WARN_CONSTANT_CONVERSION = YES;
				CLANG_WARN_DIRECT_OBJC_ISA_USAGE = YES_ERROR;
				CLANG_WARN_EMPTY_BODY = YES;
				CLANG_WARN_ENUM_CONVERSION = YES;
				CLANG_WARN_INFINITE_RECURSION = YES;
				CLANG_WARN_INT_CONVERSION = YES;
				CLANG_WARN_OBJC_ROOT_CLASS = YES_ERROR;
				CLANG_WARN_SUSPICIOUS_MOVE = YES;
				CLANG_WARN_UNREACHABLE_CODE = YES;
				CLANG_WARN__DUPLICATE_METHOD_MATCH = YES;
				"CODE_SIGN_IDENTITY[sdk=iphoneos*]" = "iPhone Developer";
				COPY_PHASE_STRIP = NO;
				DEBUG_INFORMATION_FORMAT = "dwarf-with-dsym";
				ENABLE_NS_ASSERTIONS = NO;
				ENABLE_STRICT_OBJC_MSGSEND = YES;
				GCC_C_LANGUAGE_STANDARD = gnu99;
				GCC_NO_COMMON_BLOCKS = YES;
				GCC_WARN_64_TO_32_BIT_CONVERSION = YES;
				GCC_WARN_ABOUT_RETURN_TYPE = YES_ERROR;
				GCC_WARN_UNDECLARED_SELECTOR = YES;
				GCC_WARN_UNINITIALIZED_AUTOS = YES_AGGRESSIVE;
				GCC_WARN_UNUSED_FUNCTION = YES;
				GCC_WARN_UNUSED_VARIABLE = YES;
				IPHONEOS_DEPLOYMENT_TARGET = 10;
				MTL_ENABLE_DEBUG_INFO = NO;
				SDKROOT = iphoneos;
				SWIFT_OPTIMIZATION_LEVEL = "-Owholemodule";
				VALIDATE_PRODUCT = YES;
			};
			name = Release;
		};
		BA20C8F71C889E0900EE234D /* Debug */ = {
			isa = XCBuildConfiguration;
			buildSettings = {
				ASSETCATALOG_COMPILER_APPICON_NAME = AppIcon;
				CODE_SIGN_IDENTITY = "iPhone Developer";
				"CODE_SIGN_IDENTITY[sdk=iphoneos*]" = "iPhone Developer";
				DEVELOPMENT_TEAM = 9B6HY96UG5;
				INFOPLIST_FILE = Cubrism/Info.plist;
				IPHONEOS_DEPLOYMENT_TARGET = 10;
				LD_RUNPATH_SEARCH_PATHS = "$(inherited) @executable_path/Frameworks";
				ONLY_ACTIVE_ARCH = YES;
				PRODUCT_BUNDLE_IDENTIFIER = com.Brendan.Cubrism;
				PRODUCT_NAME = "$(TARGET_NAME)";
				PROVISIONING_PROFILE = "";
				SWIFT_VERSION = 3.0;
			};
			name = Debug;
		};
		BA20C8F81C889E0900EE234D /* Release */ = {
			isa = XCBuildConfiguration;
			buildSettings = {
				ASSETCATALOG_COMPILER_APPICON_NAME = AppIcon;
				CODE_SIGN_IDENTITY = "iPhone Developer";
				"CODE_SIGN_IDENTITY[sdk=iphoneos*]" = "iPhone Developer";
				DEVELOPMENT_TEAM = 9B6HY96UG5;
				INFOPLIST_FILE = Cubrism/Info.plist;
				IPHONEOS_DEPLOYMENT_TARGET = 10;
				LD_RUNPATH_SEARCH_PATHS = "$(inherited) @executable_path/Frameworks";
				ONLY_ACTIVE_ARCH = YES;
				PRODUCT_BUNDLE_IDENTIFIER = com.Brendan.Cubrism;
				PRODUCT_NAME = "$(TARGET_NAME)";
				PROVISIONING_PROFILE = "";
				SWIFT_VERSION = 3.0;
			};
			name = Release;
		};
		BA20C8FA1C889E0900EE234D /* Debug */ = {
			isa = XCBuildConfiguration;
			buildSettings = {
				BUNDLE_LOADER = "$(TEST_HOST)";
				DEBUG_INFORMATION_FORMAT = dwarf;
				INFOPLIST_FILE = CubrismTests/Info.plist;
				LD_RUNPATH_SEARCH_PATHS = "$(inherited) @executable_path/Frameworks @loader_path/Frameworks";
				PRODUCT_BUNDLE_IDENTIFIER = com.Brendan.CubrismTests;
				PRODUCT_NAME = "$(TARGET_NAME)";
				SWIFT_VERSION = 3.0;
				TEST_HOST = "$(BUILT_PRODUCTS_DIR)/Cubrism.app/Cubrism";
			};
			name = Debug;
		};
		BA20C8FB1C889E0900EE234D /* Release */ = {
			isa = XCBuildConfiguration;
			buildSettings = {
				BUNDLE_LOADER = "$(TEST_HOST)";
				INFOPLIST_FILE = CubrismTests/Info.plist;
				LD_RUNPATH_SEARCH_PATHS = "$(inherited) @executable_path/Frameworks @loader_path/Frameworks";
				PRODUCT_BUNDLE_IDENTIFIER = com.Brendan.CubrismTests;
				PRODUCT_NAME = "$(TARGET_NAME)";
				SWIFT_VERSION = 3.0;
				TEST_HOST = "$(BUILT_PRODUCTS_DIR)/Cubrism.app/Cubrism";
			};
			name = Release;
		};
		BA20C8FD1C889E0900EE234D /* Debug */ = {
			isa = XCBuildConfiguration;
			buildSettings = {
				DEBUG_INFORMATION_FORMAT = dwarf;
				INFOPLIST_FILE = CubrismUITests/Info.plist;
				LD_RUNPATH_SEARCH_PATHS = "$(inherited) @executable_path/Frameworks @loader_path/Frameworks";
				PRODUCT_BUNDLE_IDENTIFIER = com.Brendan.CubrismUITests;
				PRODUCT_NAME = "$(TARGET_NAME)";
				SWIFT_VERSION = 3.0;
				TEST_TARGET_NAME = Cubrism;
				USES_XCTRUNNER = YES;
			};
			name = Debug;
		};
		BA20C8FE1C889E0900EE234D /* Release */ = {
			isa = XCBuildConfiguration;
			buildSettings = {
				INFOPLIST_FILE = CubrismUITests/Info.plist;
				LD_RUNPATH_SEARCH_PATHS = "$(inherited) @executable_path/Frameworks @loader_path/Frameworks";
				PRODUCT_BUNDLE_IDENTIFIER = com.Brendan.CubrismUITests;
				PRODUCT_NAME = "$(TARGET_NAME)";
				SWIFT_VERSION = 3.0;
				TEST_TARGET_NAME = Cubrism;
				USES_XCTRUNNER = YES;
			};
			name = Release;
		};
/* End XCBuildConfiguration section */

/* Begin XCConfigurationList section */
		BA20C8C51C889E0700EE234D /* Build configuration list for PBXProject "Cubrism" */ = {
			isa = XCConfigurationList;
			buildConfigurations = (
				BA20C8F41C889E0900EE234D /* Debug */,
				BA20C8F51C889E0900EE234D /* Release */,
			);
			defaultConfigurationIsVisible = 0;
			defaultConfigurationName = Release;
		};
		BA20C8F61C889E0900EE234D /* Build configuration list for PBXNativeTarget "Cubrism" */ = {
			isa = XCConfigurationList;
			buildConfigurations = (
				BA20C8F71C889E0900EE234D /* Debug */,
				BA20C8F81C889E0900EE234D /* Release */,
			);
			defaultConfigurationIsVisible = 0;
			defaultConfigurationName = Release;
		};
		BA20C8F91C889E0900EE234D /* Build configuration list for PBXNativeTarget "CubrismTests" */ = {
			isa = XCConfigurationList;
			buildConfigurations = (
				BA20C8FA1C889E0900EE234D /* Debug */,
				BA20C8FB1C889E0900EE234D /* Release */,
			);
			defaultConfigurationIsVisible = 0;
			defaultConfigurationName = Release;
		};
		BA20C8FC1C889E0900EE234D /* Build configuration list for PBXNativeTarget "CubrismUITests" */ = {
			isa = XCConfigurationList;
			buildConfigurations = (
				BA20C8FD1C889E0900EE234D /* Debug */,
				BA20C8FE1C889E0900EE234D /* Release */,
			);
			defaultConfigurationIsVisible = 0;
			defaultConfigurationName = Release;
		};
/* End XCConfigurationList section */
	};
	rootObject = BA20C8C21C889E0700EE234D /* Project object */;
}
